// !$*UTF8*$!
{
	archiveVersion = 1;
	classes = {
	};
	objectVersion = 56;
	objects = {

/* Begin PBXBuildFile section */
		1113 /* Assets.xcassets in Resources */ = {isa = PBXBuildFile; fileRef = 2113 /* Assets.xcassets */; };
		1101 /* AppDelegate.swift in Sources */ = {isa = PBXBuildFile; fileRef = 2101 /* AppDelegate.swift */; };
		1102 /* Environment.swift in Sources */ = {isa = PBXBuildFile; fileRef = 2102 /* Environment.swift */; };
		1103 /* ScriptFlipApp.swift in Sources */ = {isa = PBXBuildFile; fileRef = 2103 /* ScriptFlipApp.swift */; };
		1104 /* GenerationRequest.swift in Sources */ = {isa = PBXBuildFile; fileRef = 2104 /* GenerationRequest.swift */; };
		1105 /* Script.swift in Sources */ = {isa = PBXBuildFile; fileRef = 2105 /* Script.swift */; };
		1106 /* ScriptStyle.swift in Sources */ = {isa = PBXBuildFile; fileRef = 2106 /* ScriptStyle.swift */; };
		1107 /* UserUsage.swift in Sources */ = {isa = PBXBuildFile; fileRef = 2107 /* UserUsage.swift */; };
		1108 /* ScriptAPIService.swift in Sources */ = {isa = PBXBuildFile; fileRef = 2108 /* ScriptAPIService.swift */; };
		1109 /* SubscriptionManager.swift in Sources */ = {isa = PBXBuildFile; fileRef = 2109 /* SubscriptionManager.swift */; };
		110A /* UsageTracker.swift in Sources */ = {isa = PBXBuildFile; fileRef = 210A /* UsageTracker.swift */; };
		110B /* ScriptGeneratorViewModel.swift in Sources */ = {isa = PBXBuildFile; fileRef = 210B /* ScriptGeneratorViewModel.swift */; };
		110C /* TeleprompterViewModel.swift in Sources */ = {isa = PBXBuildFile; fileRef = 210C /* TeleprompterViewModel.swift */; };
		110D /* ScriptGeneratorView.swift in Sources */ = {isa = PBXBuildFile; fileRef = 210D /* ScriptGeneratorView.swift */; };
		110E /* PaywallContainerView.swift in Sources */ = {isa = PBXBuildFile; fileRef = 210E /* PaywallContainerView.swift */; };
		110F /* ScriptCardView.swift in Sources */ = {isa = PBXBuildFile; fileRef = 210F /* ScriptCardView.swift */; };
		1110 /* ScriptResultsView.swift in Sources */ = {isa = PBXBuildFile; fileRef = 2110 /* ScriptResultsView.swift */; };
		1111 /* TeleprompterView.swift in Sources */ = {isa = PBXBuildFile; fileRef = 2111 /* TeleprompterView.swift */; };
		1114 /* NetworkDiagnosticsView.swift in Sources */ = {isa = PBXBuildFile; fileRef = 2114 /* NetworkDiagnosticsView.swift */; };
		1115 /* DebugLogService.swift in Sources */ = {isa = PBXBuildFile; fileRef = 2115 /* DebugLogService.swift */; };
		1116 /* HistoryManager.swift in Sources */ = {isa = PBXBuildFile; fileRef = 2116 /* HistoryManager.swift */; };
		1117 /* HistoryView.swift in Sources */ = {isa = PBXBuildFile; fileRef = 2117 /* HistoryView.swift */; };
		1118 /* AboutView.swift in Sources */ = {isa = PBXBuildFile; fileRef = 2118 /* AboutView.swift */; };
		1119 /* SplashScreenView.swift in Sources */ = {isa = PBXBuildFile; fileRef = 2119 /* SplashScreenView.swift */; };
		1120 /* RevenueCat in Frameworks */ = {isa = PBXBuildFile; productRef = 3101 /* RevenueCat */; };
		1121 /* RevenueCatUI in Frameworks */ = {isa = PBXBuildFile; productRef = 3102 /* RevenueCatUI */; };
		1130 /* ScriptAPIServiceTests.swift in Sources */ = {isa = PBXBuildFile; fileRef = 2130 /* ScriptAPIServiceTests.swift */; };
		1131 /* ScriptFlipTests.swift in Sources */ = {isa = PBXBuildFile; fileRef = 2131 /* ScriptFlipTests.swift */; };
		1140 /* ScriptFlipUITests.swift in Sources */ = {isa = PBXBuildFile; fileRef = 2140 /* ScriptFlipUITests.swift */; };
/* End PBXBuildFile section */

/* Begin PBXContainerItemProxy section */
		4101 /* PBXContainerItemProxy */ = {
			isa = PBXContainerItemProxy;
			containerPortal = 0A01 /* Project object */;
			proxyType = 1;
			remoteGlobalIDString = 6101;
			remoteInfo = ScriptFlip;
		};
		4102 /* PBXContainerItemProxy */ = {
			isa = PBXContainerItemProxy;
			containerPortal = 0A01 /* Project object */;
			proxyType = 1;
			remoteGlobalIDString = 6101;
			remoteInfo = ScriptFlip;
		};
/* End PBXContainerItemProxy section */

/* Begin PBXFileReference section */
		2001 /* ScriptFlip.app */ = {isa = PBXFileReference; explicitFileType = wrapper.application; includeInIndex = 0; path = ScriptFlip.app; sourceTree = BUILT_PRODUCTS_DIR; };
		2002 /* ScriptFlipTests.xctest */ = {isa = PBXFileReference; explicitFileType = wrapper.cfbundle; includeInIndex = 0; path = ScriptFlipTests.xctest; sourceTree = BUILT_PRODUCTS_DIR; };
		2003 /* ScriptFlipUITests.xctest */ = {isa = PBXFileReference; explicitFileType = wrapper.cfbundle; includeInIndex = 0; path = ScriptFlipUITests.xctest; sourceTree = BUILT_PRODUCTS_DIR; };
		2101 /* AppDelegate.swift */ = {isa = PBXFileReference; lastKnownFileType = sourcecode.swift; path = AppDelegate.swift; sourceTree = "<group>"; };
		2102 /* Environment.swift */ = {isa = PBXFileReference; lastKnownFileType = sourcecode.swift; path = Environment.swift; sourceTree = "<group>"; };
		2103 /* ScriptFlipApp.swift */ = {isa = PBXFileReference; lastKnownFileType = sourcecode.swift; path = ScriptFlipApp.swift; sourceTree = "<group>"; };
		2104 /* GenerationRequest.swift */ = {isa = PBXFileReference; lastKnownFileType = sourcecode.swift; path = GenerationRequest.swift; sourceTree = "<group>"; };
		2105 /* Script.swift */ = {isa = PBXFileReference; lastKnownFileType = sourcecode.swift; path = Script.swift; sourceTree = "<group>"; };
		2106 /* ScriptStyle.swift */ = {isa = PBXFileReference; lastKnownFileType = sourcecode.swift; path = ScriptStyle.swift; sourceTree = "<group>"; };
		2107 /* UserUsage.swift */ = {isa = PBXFileReference; lastKnownFileType = sourcecode.swift; path = UserUsage.swift; sourceTree = "<group>"; };
		2108 /* ScriptAPIService.swift */ = {isa = PBXFileReference; lastKnownFileType = sourcecode.swift; path = ScriptAPIService.swift; sourceTree = "<group>"; };
		2109 /* SubscriptionManager.swift */ = {isa = PBXFileReference; lastKnownFileType = sourcecode.swift; path = SubscriptionManager.swift; sourceTree = "<group>"; };
		210A /* UsageTracker.swift */ = {isa = PBXFileReference; lastKnownFileType = sourcecode.swift; path = UsageTracker.swift; sourceTree = "<group>"; };
		210B /* ScriptGeneratorViewModel.swift */ = {isa = PBXFileReference; lastKnownFileType = sourcecode.swift; path = ScriptGeneratorViewModel.swift; sourceTree = "<group>"; };
		210C /* TeleprompterViewModel.swift */ = {isa = PBXFileReference; lastKnownFileType = sourcecode.swift; path = TeleprompterViewModel.swift; sourceTree = "<group>"; };
		210D /* ScriptGeneratorView.swift */ = {isa = PBXFileReference; lastKnownFileType = sourcecode.swift; path = ScriptGeneratorView.swift; sourceTree = "<group>"; };
		210E /* PaywallContainerView.swift */ = {isa = PBXFileReference; lastKnownFileType = sourcecode.swift; path = PaywallContainerView.swift; sourceTree = "<group>"; };
		210F /* ScriptCardView.swift */ = {isa = PBXFileReference; lastKnownFileType = sourcecode.swift; path = ScriptCardView.swift; sourceTree = "<group>"; };
		2110 /* ScriptResultsView.swift */ = {isa = PBXFileReference; lastKnownFileType = sourcecode.swift; path = ScriptResultsView.swift; sourceTree = "<group>"; };
		2111 /* TeleprompterView.swift */ = {isa = PBXFileReference; lastKnownFileType = sourcecode.swift; path = TeleprompterView.swift; sourceTree = "<group>"; };
		2114 /* NetworkDiagnosticsView.swift */ = {isa = PBXFileReference; lastKnownFileType = sourcecode.swift; path = NetworkDiagnosticsView.swift; sourceTree = "<group>"; };
		2115 /* DebugLogService.swift */ = {isa = PBXFileReference; lastKnownFileType = sourcecode.swift; path = DebugLogService.swift; sourceTree = "<group>"; };
		2116 /* HistoryManager.swift */ = {isa = PBXFileReference; lastKnownFileType = sourcecode.swift; path = HistoryManager.swift; sourceTree = "<group>"; };
		2117 /* HistoryView.swift */ = {isa = PBXFileReference; lastKnownFileType = sourcecode.swift; path = HistoryView.swift; sourceTree = "<group>"; };
		2118 /* AboutView.swift */ = {isa = PBXFileReference; lastKnownFileType = sourcecode.swift; path = AboutView.swift; sourceTree = "<group>"; };
		2119 /* SplashScreenView.swift */ = {isa = PBXFileReference; lastKnownFileType = sourcecode.swift; path = SplashScreenView.swift; sourceTree = "<group>"; };
		2112 /* Info.plist */ = {isa = PBXFileReference; lastKnownFileType = text.plist.xml; path = Info.plist; sourceTree = "<group>"; };
		2113 /* Assets.xcassets */ = {isa = PBXFileReference; lastKnownFileType = folder.assetcatalog; path = Assets.xcassets; sourceTree = "<group>"; };
		2120 /* Config.xcconfig */ = {isa = PBXFileReference; lastKnownFileType = text.xcconfig; path = Config.xcconfig; sourceTree = "<group>"; };
		2130 /* ScriptAPIServiceTests.swift */ = {isa = PBXFileReference; lastKnownFileType = sourcecode.swift; path = ScriptAPIServiceTests.swift; sourceTree = "<group>"; };
		2131 /* ScriptFlipTests.swift */ = {isa = PBXFileReference; lastKnownFileType = sourcecode.swift; path = ScriptFlipTests.swift; sourceTree = "<group>"; };
		2140 /* ScriptFlipUITests.swift */ = {isa = PBXFileReference; lastKnownFileType = sourcecode.swift; path = ScriptFlipUITests.swift; sourceTree = "<group>"; };
/* End PBXFileReference section */

/* Begin PBXFrameworksBuildPhase section */
		5101 /* Frameworks */ = {
			isa = PBXFrameworksBuildPhase;
			buildActionMask = 2147483647;
			files = (
				1120 /* RevenueCat in Frameworks */,
				1121 /* RevenueCatUI in Frameworks */,
			);
			runOnlyForDeploymentPostprocessing = 0;
		};
		5102 /* Frameworks */ = {
			isa = PBXFrameworksBuildPhase;
			buildActionMask = 2147483647;
			files = (
			);
			runOnlyForDeploymentPostprocessing = 0;
		};
		5103 /* Frameworks */ = {
			isa = PBXFrameworksBuildPhase;
			buildActionMask = 2147483647;
			files = (
			);
			runOnlyForDeploymentPostprocessing = 0;
		};
/* End PBXFrameworksBuildPhase section */

/* Begin PBXGroup section */
		0500 = {
			isa = PBXGroup;
			children = (
				2120 /* Config.xcconfig */,
				0501 /* ScriptFlip */,
				0507 /* ScriptFlipTests */,
				0508 /* ScriptFlipUITests */,
				0509 /* Products */,
			);
			sourceTree = "<group>";
		};
		0501 /* ScriptFlip */ = {
			isa = PBXGroup;
			children = (
				0502 /* App */,
				0503 /* Models */,
				0504 /* Services */,
				0505 /* ViewModels */,
				0506 /* Views */,
				2112 /* Info.plist */,
				2113 /* Assets.xcassets */,
			);
			path = ScriptFlip;
			sourceTree = "<group>";
		};
		0502 /* App */ = {
			isa = PBXGroup;
			children = (
				2101 /* AppDelegate.swift */,
				2102 /* Environment.swift */,
				2103 /* ScriptFlipApp.swift */,
			);
			path = App;
			sourceTree = "<group>";
		};
		0503 /* Models */ = {
			isa = PBXGroup;
			children = (
				2104 /* GenerationRequest.swift */,
				2105 /* Script.swift */,
				2106 /* ScriptStyle.swift */,
				2107 /* UserUsage.swift */,
			);
			path = Models;
			sourceTree = "<group>";
		};
		0504 /* Services */ = {
			isa = PBXGroup;
			children = (
				2108 /* ScriptAPIService.swift */,
				2109 /* SubscriptionManager.swift */,
				210A /* UsageTracker.swift */,
				2115 /* DebugLogService.swift */,
				2116 /* HistoryManager.swift */,
			);
			path = Services;
			sourceTree = "<group>";
		};
		0505 /* ViewModels */ = {
			isa = PBXGroup;
			children = (
				210B /* ScriptGeneratorViewModel.swift */,
				210C /* TeleprompterViewModel.swift */,
			);
			path = ViewModels;
			sourceTree = "<group>";
		};
		0506 /* Views */ = {
			isa = PBXGroup;
			children = (
				050A /* Generator */,
				050B /* Paywall */,
				050C /* Results */,
				050D /* Teleprompter */,
				050E /* Diagnostics */,
				050F /* History */,
				0510 /* About */,
				0511 /* Splash */,
			);
			path = Views;
			sourceTree = "<group>";
		};
		050E /* Diagnostics */ = {
			isa = PBXGroup;
			children = (
				2114 /* NetworkDiagnosticsView.swift */,
			);
			path = Diagnostics;
			sourceTree = "<group>";
		};
		050A /* Generator */ = {
			isa = PBXGroup;
			children = (
				210D /* ScriptGeneratorView.swift */,
			);
			path = Generator;
			sourceTree = "<group>";
		};
		050B /* Paywall */ = {
			isa = PBXGroup;
			children = (
				210E /* PaywallContainerView.swift */,
			);
			path = Paywall;
			sourceTree = "<group>";
		};
		050C /* Results */ = {
			isa = PBXGroup;
			children = (
				210F /* ScriptCardView.swift */,
				2110 /* ScriptResultsView.swift */,
			);
			path = Results;
			sourceTree = "<group>";
		};
		050D /* Teleprompter */ = {
			isa = PBXGroup;
			children = (
				2111 /* TeleprompterView.swift */,
			);
			path = Teleprompter;
			sourceTree = "<group>";
		};
		050F /* History */ = {
			isa = PBXGroup;
			children = (
				2117 /* HistoryView.swift */,
			);
			path = History;
			sourceTree = "<group>";
		};
		0510 /* About */ = {
			isa = PBXGroup;
			children = (
				2118 /* AboutView.swift */,
			);
			path = About;
			sourceTree = "<group>";
		};
		0511 /* Splash */ = {
			isa = PBXGroup;
			children = (
				2119 /* SplashScreenView.swift */,
			);
			path = Splash;
			sourceTree = "<group>";
		};
		0507 /* ScriptFlipTests */ = {
			isa = PBXGroup;
			children = (
				2130 /* ScriptAPIServiceTests.swift */,
				2131 /* ScriptFlipTests.swift */,
			);
			path = ScriptFlipTests;
			sourceTree = "<group>";
		};
		0508 /* ScriptFlipUITests */ = {
			isa = PBXGroup;
			children = (
				2140 /* ScriptFlipUITests.swift */,
			);
			path = ScriptFlipUITests;
			sourceTree = "<group>";
		};
		0509 /* Products */ = {
			isa = PBXGroup;
			children = (
				2001 /* ScriptFlip.app */,
				2002 /* ScriptFlipTests.xctest */,
				2003 /* ScriptFlipUITests.xctest */,
			);
			name = Products;
			sourceTree = "<group>";
		};
/* End PBXGroup section */

/* Begin PBXNativeTarget section */
		6101 /* ScriptFlip */ = {
			isa = PBXNativeTarget;
			buildConfigurationList = 7101 /* Build configuration list for PBXNativeTarget "ScriptFlip" */;
			buildPhases = (
				8101 /* Sources */,
				5101 /* Frameworks */,
				9101 /* Resources */,
			);
			buildRules = (
			);
			dependencies = (
			);
			name = ScriptFlip;
			packageProductDependencies = (
				3101 /* RevenueCat */,
				3102 /* RevenueCatUI */,
			);
			productName = ScriptFlip;
			productReference = 2001 /* ScriptFlip.app */;
			productType = "com.apple.product-type.application";
		};
		6102 /* ScriptFlipTests */ = {
			isa = PBXNativeTarget;
			buildConfigurationList = 7102 /* Build configuration list for PBXNativeTarget "ScriptFlipTests" */;
			buildPhases = (
				8102 /* Sources */,
				5102 /* Frameworks */,
				9102 /* Resources */,
			);
			buildRules = (
			);
			dependencies = (
				4201 /* PBXTargetDependency */,
			);
			name = ScriptFlipTests;
			productName = ScriptFlipTests;
			productReference = 2002 /* ScriptFlipTests.xctest */;
			productType = "com.apple.product-type.bundle.unit-test";
		};
		6103 /* ScriptFlipUITests */ = {
			isa = PBXNativeTarget;
			buildConfigurationList = 7103 /* Build configuration list for PBXNativeTarget "ScriptFlipUITests" */;
			buildPhases = (
				8103 /* Sources */,
				5103 /* Frameworks */,
				9103 /* Resources */,
			);
			buildRules = (
			);
			dependencies = (
				4202 /* PBXTargetDependency */,
			);
			name = ScriptFlipUITests;
			productName = ScriptFlipUITests;
			productReference = 2003 /* ScriptFlipUITests.xctest */;
			productType = "com.apple.product-type.bundle.ui-testing";
		};
/* End PBXNativeTarget section */

/* Begin PBXProject section */
		0A01 /* Project object */ = {
			isa = PBXProject;
			attributes = {
				BuildIndependentTargetsInParallel = 1;
				LastSwiftUpdateCheck = 1540;
				LastUpgradeCheck = 1540;
				TargetAttributes = {
					6101 = {
						CreatedOnToolsVersion = 15.4;
						DevelopmentTeam = MS5Y8632VD;
						ProvisioningStyle = Manual;
					};
					6102 = {
						CreatedOnToolsVersion = 15.4;
						TestTargetID = 6101;
					};
					6103 = {
						CreatedOnToolsVersion = 15.4;
						TestTargetID = 6101;
					};
				};
			};
			buildConfigurationList = 7100 /* Build configuration list for PBXProject "ScriptFlip" */;
			compatibilityVersion = "Xcode 14.0";
			developmentRegion = en;
			hasScannedForEncodings = 0;
			knownRegions = (
				en,
				Base,
			);
			mainGroup = 0500;
			packageReferences = (
				3001 /* XCRemoteSwiftPackageReference "purchases-ios" */,
			);
			productRefGroup = 0509 /* Products */;
			projectDirPath = "";
			projectRoot = "";
			targets = (
				6101 /* ScriptFlip */,
				6102 /* ScriptFlipTests */,
				6103 /* ScriptFlipUITests */,
			);
		};
/* End PBXProject section */

/* Begin PBXResourcesBuildPhase section */
		9101 /* Resources */ = {
			isa = PBXResourcesBuildPhase;
			buildActionMask = 2147483647;
			files = (
				1113 /* Assets.xcassets in Resources */,
			);
			runOnlyForDeploymentPostprocessing = 0;
		};
		9102 /* Resources */ = {
			isa = PBXResourcesBuildPhase;
			buildActionMask = 2147483647;
			files = (
			);
			runOnlyForDeploymentPostprocessing = 0;
		};
		9103 /* Resources */ = {
			isa = PBXResourcesBuildPhase;
			buildActionMask = 2147483647;
			files = (
			);
			runOnlyForDeploymentPostprocessing = 0;
		};
/* End PBXResourcesBuildPhase section */

/* Begin PBXSourcesBuildPhase section */
		8101 /* Sources */ = {
			isa = PBXSourcesBuildPhase;
			buildActionMask = 2147483647;
			files = (
				1101 /* AppDelegate.swift in Sources */,
				1102 /* Environment.swift in Sources */,
				1103 /* ScriptFlipApp.swift in Sources */,
				1104 /* GenerationRequest.swift in Sources */,
				1105 /* Script.swift in Sources */,
				1106 /* ScriptStyle.swift in Sources */,
				1107 /* UserUsage.swift in Sources */,
				1108 /* ScriptAPIService.swift in Sources */,
				1109 /* SubscriptionManager.swift in Sources */,
				110A /* UsageTracker.swift in Sources */,
				110B /* ScriptGeneratorViewModel.swift in Sources */,
				110C /* TeleprompterViewModel.swift in Sources */,
				110D /* ScriptGeneratorView.swift in Sources */,
				110E /* PaywallContainerView.swift in Sources */,
				110F /* ScriptCardView.swift in Sources */,
				1110 /* ScriptResultsView.swift in Sources */,
				1111 /* TeleprompterView.swift in Sources */,
				1114 /* NetworkDiagnosticsView.swift in Sources */,
				1115 /* DebugLogService.swift in Sources */,
				1116 /* HistoryManager.swift in Sources */,
				1117 /* HistoryView.swift in Sources */,
				1118 /* AboutView.swift in Sources */,
				1119 /* SplashScreenView.swift in Sources */,
			);
			runOnlyForDeploymentPostprocessing = 0;
		};
		8102 /* Sources */ = {
			isa = PBXSourcesBuildPhase;
			buildActionMask = 2147483647;
			files = (
				1130 /* ScriptAPIServiceTests.swift in Sources */,
				1131 /* ScriptFlipTests.swift in Sources */,
			);
			runOnlyForDeploymentPostprocessing = 0;
		};
		8103 /* Sources */ = {
			isa = PBXSourcesBuildPhase;
			buildActionMask = 2147483647;
			files = (
				1140 /* ScriptFlipUITests.swift in Sources */,
			);
			runOnlyForDeploymentPostprocessing = 0;
		};
/* End PBXSourcesBuildPhase section */

/* Begin PBXTargetDependency section */
		4201 /* PBXTargetDependency */ = {
			isa = PBXTargetDependency;
			target = 6101 /* ScriptFlip */;
			targetProxy = 4101 /* PBXContainerItemProxy */;
		};
		4202 /* PBXTargetDependency */ = {
			isa = PBXTargetDependency;
			target = 6101 /* ScriptFlip */;
			targetProxy = 4102 /* PBXContainerItemProxy */;
		};
/* End PBXTargetDependency section */

/* Begin XCBuildConfiguration section */
		7001 /* Debug */ = {
			isa = XCBuildConfiguration;
			baseConfigurationReference = 2120 /* Config.xcconfig */;
			buildSettings = {
				ALWAYS_SEARCH_USER_PATHS = NO;
				CLANG_ANALYZER_NONNULL = YES;
				CLANG_CXX_LANGUAGE_STANDARD = "gnu++20";
				CLANG_ENABLE_MODULES = YES;
				CLANG_ENABLE_OBJC_ARC = YES;
				ENABLE_STRICT_OBJC_MSGSEND = YES;
				ENABLE_TESTABILITY = YES;
				GCC_DYNAMIC_NO_PIC = NO;
				GCC_NO_COMMON_BLOCKS = YES;
				GCC_OPTIMIZATION_LEVEL = 0;
				GCC_PREPROCESSOR_DEFINITIONS = (
					"DEBUG=1",
					"$(inherited)",
				);
				GCC_WARN_64_TO_32_BIT_CONVERSION = YES;
				GCC_WARN_ABOUT_RETURN_TYPE = YES_ERROR;
				GCC_WARN_UNDEFINED_VARIABLES = YES;
				GCC_WARN_UNINITIALIZED_AUTOS = YES_AGGRESSIVE;
				IPHONEOS_DEPLOYMENT_TARGET = 17.0;
				MTL_ENABLE_DEBUG_INFO = INCLUDE_SOURCE;
				ONLY_ACTIVE_ARCH = YES;
				SDKROOT = iphoneos;
				SWIFT_ACTIVE_COMPILATION_CONDITIONS = "DEBUG $(inherited)";
				SWIFT_OPTIMIZATION_LEVEL = "-Onone";
				SWIFT_VERSION = 5.0;
			};
			name = Debug;
		};
		7002 /* Release */ = {
			isa = XCBuildConfiguration;
			baseConfigurationReference = 2120 /* Config.xcconfig */;
			buildSettings = {
				ALWAYS_SEARCH_USER_PATHS = NO;
				CLANG_ANALYZER_NONNULL = YES;
				CLANG_CXX_LANGUAGE_STANDARD = "gnu++20";
				CLANG_ENABLE_MODULES = YES;
				CLANG_ENABLE_OBJC_ARC = YES;
				ENABLE_NS_ASSERTIONS = NO;
				ENABLE_STRICT_OBJC_MSGSEND = YES;
				GCC_NO_COMMON_BLOCKS = YES;
				GCC_WARN_64_TO_32_BIT_CONVERSION = YES;
				GCC_WARN_ABOUT_RETURN_TYPE = YES_ERROR;
				GCC_WARN_UNDEFINED_VARIABLES = YES;
				GCC_WARN_UNINITIALIZED_AUTOS = YES_AGGRESSIVE;
				IPHONEOS_DEPLOYMENT_TARGET = 17.0;
				MTL_ENABLE_DEBUG_INFO = NO;
				SDKROOT = iphoneos;
				SWIFT_COMPILATION_MODE = wholemodule;
				SWIFT_OPTIMIZATION_LEVEL = "-O";
				SWIFT_VERSION = 5.0;
				VALIDATE_PRODUCT = YES;
			};
			name = Release;
		};
		7003 /* Debug */ = {
			isa = XCBuildConfiguration;
			baseConfigurationReference = 2120 /* Config.xcconfig */;
			buildSettings = {
				ASSETCATALOG_COMPILER_APPICON_NAME = AppIcon;
				CODE_SIGN_IDENTITY = "Apple Development";
				CODE_SIGN_STYLE = Manual;
				CURRENT_PROJECT_VERSION = 1;
				DEVELOPMENT_TEAM = MS5Y8632VD;
				ENABLE_PREVIEWS = YES;
				GENERATE_INFOPLIST_FILE = NO;
				INFOPLIST_FILE = ScriptFlip/Info.plist;
				LD_RUNPATH_SEARCH_PATHS = (
					"$(inherited)",
					"@executable_path/Frameworks",
				);
				MARKETING_VERSION = 1.0.0;
				PRODUCT_BUNDLE_IDENTIFIER = com.qlueconsulting.scriptflip;
				PRODUCT_NAME = "$(TARGET_NAME)";
				PROVISIONING_PROFILE_SPECIFIER = ScriptFlip_AppStore_Profile;
				SWIFT_EMIT_LOC_STRINGS = YES;
				SWIFT_VERSION = 5.0;
				TARGETED_DEVICE_FAMILY = "1,2";
			};
			name = Debug;
		};
		7004 /* Release */ = {
			isa = XCBuildConfiguration;
			baseConfigurationReference = 2120 /* Config.xcconfig */;
			buildSettings = {
				ASSETCATALOG_COMPILER_APPICON_NAME = AppIcon;
				CODE_SIGN_IDENTITY = "Apple Distribution";
				CODE_SIGN_STYLE = Manual;
				CURRENT_PROJECT_VERSION = 1;
				DEVELOPMENT_TEAM = MS5Y8632VD;
				ENABLE_PREVIEWS = YES;
				GENERATE_INFOPLIST_FILE = NO;
				INFOPLIST_FILE = ScriptFlip/Info.plist;
				LD_RUNPATH_SEARCH_PATHS = (
					"$(inherited)",
					"@executable_path/Frameworks",
				);
				MARKETING_VERSION = 1.0.0;
				PRODUCT_BUNDLE_IDENTIFIER = com.qlueconsulting.scriptflip;
				PRODUCT_NAME = "$(TARGET_NAME)";
				PROVISIONING_PROFILE_SPECIFIER = ScriptFlip_AppStore_Profile;
				SWIFT_EMIT_LOC_STRINGS = YES;
				SWIFT_VERSION = 5.0;
				TARGETED_DEVICE_FAMILY = "1,2";
			};
			name = Release;
		};
		7005 /* Debug */ = {
			isa = XCBuildConfiguration;
			buildSettings = {
				BUNDLE_LOADER = "$(TEST_HOST)";
				CODE_SIGN_STYLE = Automatic;
				CURRENT_PROJECT_VERSION = 1;
				GENERATE_INFOPLIST_FILE = YES;
				MARKETING_VERSION = 1.0.0;
				PRODUCT_BUNDLE_IDENTIFIER = com.qlueconsulting.scriptflip.ScriptFlipTests;
				PRODUCT_NAME = "$(TARGET_NAME)";
				SWIFT_VERSION = 5.0;
				TARGETED_DEVICE_FAMILY = "1,2";
				TEST_HOST = "$(BUILT_PRODUCTS_DIR)/ScriptFlip.app/$(BUNDLE_EXECUTABLE_FOLDER_PATH)/ScriptFlip";
			};
			name = Debug;
		};
		7006 /* Release */ = {
			isa = XCBuildConfiguration;
			buildSettings = {
				BUNDLE_LOADER = "$(TEST_HOST)";
				CODE_SIGN_STYLE = Automatic;
				CURRENT_PROJECT_VERSION = 1;
				GENERATE_INFOPLIST_FILE = YES;
				MARKETING_VERSION = 1.0.0;
				PRODUCT_BUNDLE_IDENTIFIER = com.qlueconsulting.scriptflip.ScriptFlipTests;
				PRODUCT_NAME = "$(TARGET_NAME)";
				SWIFT_VERSION = 5.0;
				TARGETED_DEVICE_FAMILY = "1,2";
				TEST_HOST = "$(BUILT_PRODUCTS_DIR)/ScriptFlip.app/$(BUNDLE_EXECUTABLE_FOLDER_PATH)/ScriptFlip";
			};
			name = Release;
		};
		7007 /* Debug */ = {
			isa = XCBuildConfiguration;
			buildSettings = {
				CODE_SIGN_STYLE = Automatic;
				CURRENT_PROJECT_VERSION = 1;
				GENERATE_INFOPLIST_FILE = YES;
				MARKETING_VERSION = 1.0.0;
				PRODUCT_BUNDLE_IDENTIFIER = com.qlueconsulting.scriptflip.ScriptFlipUITests;
				PRODUCT_NAME = "$(TARGET_NAME)";
				SWIFT_VERSION = 5.0;
				TARGETED_DEVICE_FAMILY = "1,2";
				TEST_TARGET_NAME = ScriptFlip;
			};
			name = Debug;
		};
		7008 /* Release */ = {
			isa = XCBuildConfiguration;
			buildSettings = {
				CODE_SIGN_STYLE = Automatic;
				CURRENT_PROJECT_VERSION = 1;
				GENERATE_INFOPLIST_FILE = YES;
				MARKETING_VERSION = 1.0.0;
				PRODUCT_BUNDLE_IDENTIFIER = com.qlueconsulting.scriptflip.ScriptFlipUITests;
				PRODUCT_NAME = "$(TARGET_NAME)";
				SWIFT_VERSION = 5.0;
				TARGETED_DEVICE_FAMILY = "1,2";
				TEST_TARGET_NAME = ScriptFlip;
			};
			name = Release;
		};
/* End XCBuildConfiguration section */

/* Begin XCConfigurationList section */
		7100 /* Build configuration list for PBXProject "ScriptFlip" */ = {
			isa = XCConfigurationList;
			buildConfigurations = (
				7001 /* Debug */,
				7002 /* Release */,
			);
			defaultConfigurationIsVisible = 0;
			defaultConfigurationName = Release;
		};
		7101 /* Build configuration list for PBXNativeTarget "ScriptFlip" */ = {
			isa = XCConfigurationList;
			buildConfigurations = (
				7003 /* Debug */,
				7004 /* Release */,
			);
			defaultConfigurationIsVisible = 0;
			defaultConfigurationName = Release;
		};
		7102 /* Build configuration list for PBXNativeTarget "ScriptFlipTests" */ = {
			isa = XCConfigurationList;
			buildConfigurations = (
				7005 /* Debug */,
				7006 /* Release */,
			);
			defaultConfigurationIsVisible = 0;
			defaultConfigurationName = Release;
		};
		7103 /* Build configuration list for PBXNativeTarget "ScriptFlipUITests" */ = {
			isa = XCConfigurationList;
			buildConfigurations = (
				7007 /* Debug */,
				7008 /* Release */,
			);
			defaultConfigurationIsVisible = 0;
			defaultConfigurationName = Release;
		};
/* End XCConfigurationList section */

/* Begin XCRemoteSwiftPackageReference section */
		3001 /* XCRemoteSwiftPackageReference "purchases-ios" */ = {
			isa = XCRemoteSwiftPackageReference;
			repositoryURL = "https://github.com/RevenueCat/purchases-ios.git";
			requirement = {
				kind = upToNextMajorVersion;
				minimumVersion = 5.0.0;
			};
		};
/* End XCRemoteSwiftPackageReference section */

/* Begin XCSwiftPackageProductDependency section */
		3101 /* RevenueCat */ = {
			isa = XCSwiftPackageProductDependency;
			package = 3001 /* XCRemoteSwiftPackageReference "purchases-ios" */;
			productName = RevenueCat;
		};
		3102 /* RevenueCatUI */ = {
			isa = XCSwiftPackageProductDependency;
			package = 3001 /* XCRemoteSwiftPackageReference "purchases-ios" */;
			productName = RevenueCatUI;
		};
/* End XCSwiftPackageProductDependency section */

	};
	rootObject = 0A01 /* Project object */;
}
