// !$*UTF8*$!
{
	archiveVersion = 1;
	classes = {
	};
	objectVersion = 56;
	objects = {

/* Begin PBXBuildFile section */
		010101010101010101010101 /* AppDelegate.swift in Sources */ = {isa = PBXBuildFile; fileRef = 020202020202020202020201 /* AppDelegate.swift */; };
		010101010101010101010102 /* Environment.swift in Sources */ = {isa = PBXBuildFile; fileRef = 020202020202020202020202 /* Environment.swift */; };
		010101010101010101010103 /* ScriptFlipApp.swift in Sources */ = {isa = PBXBuildFile; fileRef = 020202020202020202020203 /* ScriptFlipApp.swift */; };
		010101010101010101010104 /* GenerationRequest.swift in Sources */ = {isa = PBXBuildFile; fileRef = 020202020202020202020204 /* GenerationRequest.swift */; };
		010101010101010101010105 /* Script.swift in Sources */ = {isa = PBXBuildFile; fileRef = 020202020202020202020205 /* Script.swift */; };
		010101010101010101010106 /* ScriptStyle.swift in Sources */ = {isa = PBXBuildFile; fileRef = 020202020202020202020206 /* ScriptStyle.swift */; };
		010101010101010101010107 /* UserUsage.swift in Sources */ = {isa = PBXBuildFile; fileRef = 020202020202020202020207 /* UserUsage.swift */; };
		010101010101010101010108 /* ScriptAPIService.swift in Sources */ = {isa = PBXBuildFile; fileRef = 020202020202020202020208 /* ScriptAPIService.swift */; };
		010101010101010101010109 /* SubscriptionManager.swift in Sources */ = {isa = PBXBuildFile; fileRef = 020202020202020202020209 /* SubscriptionManager.swift */; };
		01010101010101010101010A /* UsageTracker.swift in Sources */ = {isa = PBXBuildFile; fileRef = 02020202020202020202020A /* UsageTracker.swift */; };
		01010101010101010101010B /* ScriptGeneratorViewModel.swift in Sources */ = {isa = PBXBuildFile; fileRef = 02020202020202020202020B /* ScriptGeneratorViewModel.swift */; };
		01010101010101010101010C /* TeleprompterViewModel.swift in Sources */ = {isa = PBXBuildFile; fileRef = 02020202020202020202020C /* TeleprompterViewModel.swift */; };
		01010101010101010101010D /* ScriptGeneratorView.swift in Sources */ = {isa = PBXBuildFile; fileRef = 02020202020202020202020D /* ScriptGeneratorView.swift */; };
		01010101010101010101010E /* PaywallContainerView.swift in Sources */ = {isa = PBXBuildFile; fileRef = 02020202020202020202020E /* PaywallContainerView.swift */; };
		01010101010101010101010F /* ScriptCardView.swift in Sources */ = {isa = PBXBuildFile; fileRef = 02020202020202020202020F /* ScriptCardView.swift */; };
		010101010101010101010110 /* ScriptResultsView.swift in Sources */ = {isa = PBXBuildFile; fileRef = 020202020202020202020210 /* ScriptResultsView.swift */; };
		010101010101010101010111 /* TeleprompterView.swift in Sources */ = {isa = PBXBuildFile; fileRef = 020202020202020202020211 /* TeleprompterView.swift */; };
		010101010101010101010120 /* RevenueCat in Frameworks */ = {isa = PBXBuildFile; productRef = 030303030303030303030301 /* RevenueCat */; };
		010101010101010101010121 /* RevenueCatUI in Frameworks */ = {isa = PBXBuildFile; productRef = 030303030303030303030302 /* RevenueCatUI */; };
/* End PBXBuildFile section */

/* Begin PBXFileReference section */
		020202020202020202020200 /* ScriptFlip.app */ = {isa = PBXFileReference; explicitFileType = wrapper.application; includeInIndex = 0; path = ScriptFlip.app; sourceTree = BUILT_PRODUCTS_DIR; };
		020202020202020202020201 /* AppDelegate.swift */ = {isa = PBXFileReference; lastKnownFileType = sourcecode.swift; path = AppDelegate.swift; sourceTree = "<group>"; };
		020202020202020202020202 /* Environment.swift */ = {isa = PBXFileReference; lastKnownFileType = sourcecode.swift; path = Environment.swift; sourceTree = "<group>"; };
		020202020202020202020203 /* ScriptFlipApp.swift */ = {isa = PBXFileReference; lastKnownFileType = sourcecode.swift; path = ScriptFlipApp.swift; sourceTree = "<group>"; };
		020202020202020202020204 /* GenerationRequest.swift */ = {isa = PBXFileReference; lastKnownFileType = sourcecode.swift; path = GenerationRequest.swift; sourceTree = "<group>"; };
		020202020202020202020205 /* Script.swift */ = {isa = PBXFileReference; lastKnownFileType = sourcecode.swift; path = Script.swift; sourceTree = "<group>"; };
		020202020202020202020206 /* ScriptStyle.swift */ = {isa = PBXFileReference; lastKnownFileType = sourcecode.swift; path = ScriptStyle.swift; sourceTree = "<group>"; };
		020202020202020202020207 /* UserUsage.swift */ = {isa = PBXFileReference; lastKnownFileType = sourcecode.swift; path = UserUsage.swift; sourceTree = "<group>"; };
		020202020202020202020208 /* ScriptAPIService.swift */ = {isa = PBXFileReference; lastKnownFileType = sourcecode.swift; path = ScriptAPIService.swift; sourceTree = "<group>"; };
		020202020202020202020209 /* SubscriptionManager.swift */ = {isa = PBXFileReference; lastKnownFileType = sourcecode.swift; path = SubscriptionManager.swift; sourceTree = "<group>"; };
		02020202020202020202020A /* UsageTracker.swift */ = {isa = PBXFileReference; lastKnownFileType = sourcecode.swift; path = UsageTracker.swift; sourceTree = "<group>"; };
		02020202020202020202020B /* ScriptGeneratorViewModel.swift */ = {isa = PBXFileReference; lastKnownFileType = sourcecode.swift; path = ScriptGeneratorViewModel.swift; sourceTree = "<group>"; };
		02020202020202020202020C /* TeleprompterViewModel.swift */ = {isa = PBXFileReference; lastKnownFileType = sourcecode.swift; path = TeleprompterViewModel.swift; sourceTree = "<group>"; };
		02020202020202020202020D /* ScriptGeneratorView.swift */ = {isa = PBXFileReference; lastKnownFileType = sourcecode.swift; path = ScriptGeneratorView.swift; sourceTree = "<group>"; };
		02020202020202020202020E /* PaywallContainerView.swift */ = {isa = PBXFileReference; lastKnownFileType = sourcecode.swift; path = PaywallContainerView.swift; sourceTree = "<group>"; };
		02020202020202020202020F /* ScriptCardView.swift */ = {isa = PBXFileReference; lastKnownFileType = sourcecode.swift; path = ScriptCardView.swift; sourceTree = "<group>"; };
		020202020202020202020210 /* ScriptResultsView.swift */ = {isa = PBXFileReference; lastKnownFileType = sourcecode.swift; path = ScriptResultsView.swift; sourceTree = "<group>"; };
		020202020202020202020211 /* TeleprompterView.swift */ = {isa = PBXFileReference; lastKnownFileType = sourcecode.swift; path = TeleprompterView.swift; sourceTree = "<group>"; };
		020202020202020202020212 /* Info.plist */ = {isa = PBXFileReference; lastKnownFileType = text.plist.xml; path = Info.plist; sourceTree = "<group>"; };
/* End PBXFileReference section */

/* Begin PBXFrameworksBuildPhase section */
		040404040404040404040400 /* Frameworks */ = {
			isa = PBXFrameworksBuildPhase;
			buildActionMask = 2147483647;
			files = (
				010101010101010101010120 /* RevenueCat in Frameworks */,
				010101010101010101010121 /* RevenueCatUI in Frameworks */,
			);
			runOnlyForDeploymentPostprocessing = 0;
		};
/* End PBXFrameworksBuildPhase section */

/* Begin PBXGroup section */
		050505050505050505050500 = {
			isa = PBXGroup;
			children = (
				050505050505050505050501 /* ScriptFlip */,
				050505050505050505050509 /* Products */,
			);
			sourceTree = "<group>";
		};
		050505050505050505050501 /* ScriptFlip */ = {
			isa = PBXGroup;
			children = (
				050505050505050505050502 /* App */,
				050505050505050505050503 /* Models */,
				050505050505050505050504 /* Services */,
				050505050505050505050505 /* ViewModels */,
				050505050505050505050506 /* Views */,
				020202020202020202020212 /* Info.plist */,
			);
			path = ScriptFlip;
			sourceTree = "<group>";
		};
		050505050505050505050502 /* App */ = {
			isa = PBXGroup;
			children = (
				020202020202020202020201 /* AppDelegate.swift */,
				020202020202020202020202 /* Environment.swift */,
				020202020202020202020203 /* ScriptFlipApp.swift */,
			);
			path = App;
			sourceTree = "<group>";
		};
		050505050505050505050503 /* Models */ = {
			isa = PBXGroup;
			children = (
				020202020202020202020204 /* GenerationRequest.swift */,
				020202020202020202020205 /* Script.swift */,
				020202020202020202020206 /* ScriptStyle.swift */,
				020202020202020202020207 /* UserUsage.swift */,
			);
			path = Models;
			sourceTree = "<group>";
		};
		050505050505050505050504 /* Services */ = {
			isa = PBXGroup;
			children = (
				020202020202020202020208 /* ScriptAPIService.swift */,
				020202020202020202020209 /* SubscriptionManager.swift */,
				02020202020202020202020A /* UsageTracker.swift */,
			);
			path = Services;
			sourceTree = "<group>";
		};
		050505050505050505050505 /* ViewModels */ = {
			isa = PBXGroup;
			children = (
				02020202020202020202020B /* ScriptGeneratorViewModel.swift */,
				02020202020202020202020C /* TeleprompterViewModel.swift */,
			);
			path = ViewModels;
			sourceTree = "<group>";
		};
		050505050505050505050506 /* Views */ = {
			isa = PBXGroup;
			children = (
				02020202020202020202020D /* ScriptGeneratorView.swift */,
				02020202020202020202020E /* PaywallContainerView.swift */,
				02020202020202020202020F /* ScriptCardView.swift */,
				020202020202020202020210 /* ScriptResultsView.swift */,
				020202020202020202020211 /* TeleprompterView.swift */,
			);
			path = Views;
			sourceTree = "<group>";
		};
		050505050505050505050509 /* Products */ = {
			isa = PBXGroup;
			children = (
				020202020202020202020200 /* ScriptFlip.app */,
			);
			name = Products;
			sourceTree = "<group>";
		};
/* End PBXGroup section */

/* Begin PBXNativeTarget section */
		060606060606060606060600 /* ScriptFlip */ = {
			isa = PBXNativeTarget;
			buildConfigurationList = 070707070707070707070700 /* Build configuration list for PBXNativeTarget "ScriptFlip" */;
			buildPhases = (
				080808080808080808080800 /* Sources */,
				040404040404040404040400 /* Frameworks */,
				090909090909090909090900 /* Resources */,
			);
			buildRules = (
			);
			dependencies = (
			);
			name = ScriptFlip;
			packageProductDependencies = (
				030303030303030303030301 /* RevenueCat */,
				030303030303030303030302 /* RevenueCatUI */,
			);
			productName = ScriptFlip;
			productReference = 020202020202020202020200 /* ScriptFlip.app */;
			productType = "com.apple.product-type.application";
		};
/* End PBXNativeTarget section */

/* Begin PBXProject section */
		0A0A0A0A0A0A0A0A0A0A0A00 /* Project object */ = {
			isa = PBXProject;
			attributes = {
				BuildIndependentTargetsInParallel = 1;
				LastSwiftUpdateCheck = 1540;
				LastUpgradeCheck = 1540;
				TargetAttributes = {
					060606060606060606060600 = {
						CreatedOnToolsVersion = 15.4;
						DevelopmentTeam = MS5Y8632VD;
						ProvisioningStyle = Manual;
					};
				};
			};
			buildConfigurationList = 070707070707070707070701 /* Build configuration list for PBXProject "ScriptFlip" */;
			compatibilityVersion = "Xcode 14.0";
			developmentRegion = en;
			hasScannedForEncodings = 0;
			knownRegions = (
				en,
				Base,
			);
			mainGroup = 050505050505050505050500;
			packageReferences = (
				0B0B0B0B0B0B0B0B0B0B0B01 /* XCRemoteSwiftPackageReference "purchases-ios" */,
			);
			productRefGroup = 050505050505050505050509 /* Products */;
			projectDirPath = "";
			projectRoot = "";
			targets = (
				060606060606060606060600 /* ScriptFlip */,
			);
		};
/* End PBXProject section */

/* Begin PBXResourcesBuildPhase section */
		090909090909090909090900 /* Resources */ = {
			isa = PBXResourcesBuildPhase;
			buildActionMask = 2147483647;
			files = (
			);
			runOnlyForDeploymentPostprocessing = 0;
		};
/* End PBXResourcesBuildPhase section */

/* Begin PBXSourcesBuildPhase section */
		080808080808080808080800 /* Sources */ = {
			isa = PBXSourcesBuildPhase;
			buildActionMask = 2147483647;
			files = (
				010101010101010101010101 /* AppDelegate.swift in Sources */,
				010101010101010101010102 /* Environment.swift in Sources */,
				010101010101010101010103 /* ScriptFlipApp.swift in Sources */,
				010101010101010101010104 /* GenerationRequest.swift in Sources */,
				010101010101010101010105 /* Script.swift in Sources */,
				010101010101010101010106 /* ScriptStyle.swift in Sources */,
				010101010101010101010107 /* UserUsage.swift in Sources */,
				010101010101010101010108 /* ScriptAPIService.swift in Sources */,
				010101010101010101010109 /* SubscriptionManager.swift in Sources */,
				01010101010101010101010A /* UsageTracker.swift in Sources */,
				01010101010101010101010B /* ScriptGeneratorViewModel.swift in Sources */,
				01010101010101010101010C /* TeleprompterViewModel.swift in Sources */,
				01010101010101010101010D /* ScriptGeneratorView.swift in Sources */,
				01010101010101010101010E /* PaywallContainerView.swift in Sources */,
				01010101010101010101010F /* ScriptCardView.swift in Sources */,
				010101010101010101010110 /* ScriptResultsView.swift in Sources */,
				010101010101010101010111 /* TeleprompterView.swift in Sources */,
			);
			runOnlyForDeploymentPostprocessing = 0;
		};
/* End PBXSourcesBuildPhase section */

/* Begin XCBuildConfiguration section */
		0C0C0C0C0C0C0C0C0C0C0C01 /* Debug */ = {
			isa = XCBuildConfiguration;
			buildSettings = {
				ALWAYS_SEARCH_USER_PATHS = NO;
				CLANG_ANALYZER_NONNULL = YES;
				CLANG_CXX_LANGUAGE_STANDARD = "gnu++20";
				CLANG_ENABLE_MODULES = YES;
				CLANG_ENABLE_OBJC_ARC = YES;
				ENABLE_STRICT_OBJC_MSGSEND = YES;
				ENABLE_TESTABILITY = YES;
				GCC_DYNAMIC_NO_PIC = NO;
				GCC_NO_COMMON_BLOCKS = YES;
				GCC_OPTIMIZATION_LEVEL = 0;
				GCC_PREPROCESSOR_DEFINITIONS = (
					"DEBUG=1",
					"$(inherited)",
				);
				GCC_WARN_64_TO_32_BIT_CONVERSION = YES;
				GCC_WARN_ABOUT_RETURN_TYPE = YES_ERROR;
				GCC_WARN_UNDEFINED_VARIABLES = YES;
				GCC_WARN_UNINITIALIZED_AUTOS = YES_AGGRESSIVE;
				IPHONEOS_DEPLOYMENT_TARGET = 17.0;
				MTL_ENABLE_DEBUG_INFO = INCLUDE_SOURCE;
				ONLY_ACTIVE_ARCH = YES;
				SDKROOT = iphoneos;
				SWIFT_ACTIVE_COMPILATION_CONDITIONS = "DEBUG $(inherited)";
				SWIFT_OPTIMIZATION_LEVEL = "-Onone";
				SWIFT_VERSION = 5.0;
			};
			name = Debug;
		};
		0C0C0C0C0C0C0C0C0C0C0C02 /* Release */ = {
			isa = XCBuildConfiguration;
			buildSettings = {
				ALWAYS_SEARCH_USER_PATHS = NO;
				CLANG_ANALYZER_NONNULL = YES;
				CLANG_CXX_LANGUAGE_STANDARD = "gnu++20";
				CLANG_ENABLE_MODULES = YES;
				CLANG_ENABLE_OBJC_ARC = YES;
				ENABLE_NS_ASSERTIONS = NO;
				ENABLE_STRICT_OBJC_MSGSEND = YES;
				GCC_NO_COMMON_BLOCKS = YES;
				GCC_WARN_64_TO_32_BIT_CONVERSION = YES;
				GCC_WARN_ABOUT_RETURN_TYPE = YES_ERROR;
				GCC_WARN_UNDEFINED_VARIABLES = YES;
				GCC_WARN_UNINITIALIZED_AUTOS = YES_AGGRESSIVE;
				IPHONEOS_DEPLOYMENT_TARGET = 17.0;
				MTL_ENABLE_DEBUG_INFO = NO;
				SDKROOT = iphoneos;
				SWIFT_COMPILATION_MODE = wholemodule;
				SWIFT_OPTIMIZATION_LEVEL = "-O";
				SWIFT_VERSION = 5.0;
				VALIDATE_PRODUCT = YES;
			};
			name = Release;
		};
		0C0C0C0C0C0C0C0C0C0C0C03 /* Debug */ = {
			isa = XCBuildConfiguration;
			buildSettings = {
				ASSETCATALOG_COMPILER_APPICON_NAME = AppIcon;
				CODE_SIGN_IDENTITY = "Apple Development";
				CODE_SIGN_STYLE = Manual;
				CURRENT_PROJECT_VERSION = 1;
				DEVELOPMENT_TEAM = MS5Y8632VD;
				ENABLE_PREVIEWS = YES;
				GENERATE_INFOPLIST_FILE = NO;
				INFOPLIST_FILE = ScriptFlip/Info.plist;
				LD_RUNPATH_SEARCH_PATHS = (
					"$(inherited)",
					"@executable_path/Frameworks",
				);
				MARKETING_VERSION = 1.0.0;
				PRODUCT_BUNDLE_IDENTIFIER = com.qlueconsulting.scriptflip;
				PRODUCT_NAME = "$(TARGET_NAME)";
				PROVISIONING_PROFILE_SPECIFIER = ScriptFlip_AppStore_Profile;
				SWIFT_EMIT_LOC_STRINGS = YES;
				SWIFT_VERSION = 5.0;
				TARGETED_DEVICE_FAMILY = "1,2";
			};
			name = Debug;
		};
		0C0C0C0C0C0C0C0C0C0C0C04 /* Release */ = {
			isa = XCBuildConfiguration;
			buildSettings = {
				ASSETCATALOG_COMPILER_APPICON_NAME = AppIcon;
				CODE_SIGN_IDENTITY = "Apple Distribution";
				CODE_SIGN_STYLE = Manual;
				CURRENT_PROJECT_VERSION = 1;
				DEVELOPMENT_TEAM = MS5Y8632VD;
				ENABLE_PREVIEWS = YES;
				GENERATE_INFOPLIST_FILE = NO;
				INFOPLIST_FILE = ScriptFlip/Info.plist;
				LD_RUNPATH_SEARCH_PATHS = (
					"$(inherited)",
					"@executable_path/Frameworks",
				);
				MARKETING_VERSION = 1.0.0;
				PRODUCT_BUNDLE_IDENTIFIER = com.qlueconsulting.scriptflip;
				PRODUCT_NAME = "$(TARGET_NAME)";
				PROVISIONING_PROFILE_SPECIFIER = ScriptFlip_AppStore_Profile;
				SWIFT_EMIT_LOC_STRINGS = YES;
				SWIFT_VERSION = 5.0;
				TARGETED_DEVICE_FAMILY = "1,2";
			};
			name = Release;
		};
/* End XCBuildConfiguration section */

/* Begin XCConfigurationList section */
		070707070707070707070700 /* Build configuration list for PBXNativeTarget "ScriptFlip" */ = {
			isa = XCConfigurationList;
			buildConfigurations = (
				0C0C0C0C0C0C0C0C0C0C0C03 /* Debug */,
				0C0C0C0C0C0C0C0C0C0C0C04 /* Release */,
			);
			defaultConfigurationIsVisible = 0;
			defaultConfigurationName = Release;
		};
		070707070707070707070701 /* Build configuration list for PBXProject "ScriptFlip" */ = {
			isa = XCConfigurationList;
			buildConfigurations = (
				0C0C0C0C0C0C0C0C0C0C0C01 /* Debug */,
				0C0C0C0C0C0C0C0C0C0C0C02 /* Release */,
			);
			defaultConfigurationIsVisible = 0;
			defaultConfigurationName = Release;
		};
/* End XCConfigurationList section */

/* Begin XCRemoteSwiftPackageReference section */
		0B0B0B0B0B0B0B0B0B0B0B01 /* XCRemoteSwiftPackageReference "purchases-ios" */ = {
			isa = XCRemoteSwiftPackageReference;
			repositoryURL = "https://github.com/RevenueCat/purchases-ios.git";
			requirement = {
				kind = upToNextMajorVersion;
				minimumVersion = 5.0.0;
			};
		};
/* End XCRemoteSwiftPackageReference section */

/* Begin XCSwiftPackageProductDependency section */
		030303030303030303030301 /* RevenueCat */ = {
			isa = XCSwiftPackageProductDependency;
			package = 0B0B0B0B0B0B0B0B0B0B0B01 /* XCRemoteSwiftPackageReference "purchases-ios" */;
			productName = RevenueCat;
		};
		030303030303030303030302 /* RevenueCatUI */ = {
			isa = XCSwiftPackageProductDependency;
			package = 0B0B0B0B0B0B0B0B0B0B0B01 /* XCRemoteSwiftPackageReference "purchases-ios" */;
			productName = RevenueCatUI;
		};
/* End XCSwiftPackageProductDependency section */

	};
	rootObject = 0A0A0A0A0A0A0A0A0A0A0A00 /* Project object */;
}